
Microsoft Visual Studio Solution File, Format Version 12.00
# Visual Studio 15
VisualStudioVersion = 15.0.27130.2036
MinimumVisualStudioVersion = 10.0.40219.1
Project("{FAE04EC0-301F-11D3-BF4B-00C04F79EFBC}") = "OnlineStore", "OnlineStore\OnlineStore.csproj", "{1BB86F1D-B4C0-49E5-9D91-1F8632EDE4C2}"
EndProject
Global
	GlobalSection(SolutionConfigurationPlatforms) = preSolution
		Debug|Any CPU = Debug|Any CPU
		Release|Any CPU = Release|Any CPU
	EndGlobalSection
	GlobalSection(ProjectConfigurationPlatforms) = postSolution
		{1BB86F1D-B4C0-49E5-9D91-1F8632EDE4C2}.Debug|Any CPU.ActiveCfg = Debug|Any CPU
		{1BB86F1D-B4C0-49E5-9D91-1F8632EDE4C2}.Debug|Any CPU.Build.0 = Debug|Any CPU
		{1BB86F1D-B4C0-49E5-9D91-1F8632EDE4C2}.Release|Any CPU.ActiveCfg = Release|Any CPU
		{1BB86F1D-B4C0-49E5-9D91-1F8632EDE4C2}.Release|Any CPU.Build.0 = Release|Any CPU
	EndGlobalSection
	GlobalSection(SolutionProperties) = preSolution
		HideSolutionNode = FALSE
	EndGlobalSection
	GlobalSection(ExtensibilityGlobals) = postSolution
		SolutionGuid = {CEF3DCA4-4F14-49F4-92B9-2FB771BF96D7}
	EndGlobalSection
EndGlobal
